%{
  "benchee": {:hex, :benchee, "1.0.1", "66b211f9bfd84bd97e6d1beaddf8fc2312aaabe192f776e8931cb0c16f53a521", [:mix], [{:deep_merge, "~> 1.0", [hex: :deep_merge, repo: "hexpm", optional: false]}], "hexpm", "3ad58ae787e9c7c94dd7ceda3b587ec2c64604563e049b2a0e8baafae832addb"},
  "benchfella": {:hex, :benchfella, "0.3.5", "b2122c234117b3f91ed7b43b6e915e19e1ab216971154acd0a80ce0e9b8c05f5", [:mix], [], "hexpm"},
  "dataloader": {:hex, :dataloader, "1.0.8", "114294362db98a613f231589246aa5b0ce847412e8e75c4c94f31f204d272cbf", [:mix], [{:ecto, ">= 3.4.3 and < 4.0.0", [hex: :ecto, repo: "hexpm", optional: true]}, {:telemetry, "~> 0.4", [hex: :telemetry, repo: "hexpm", optional: false]}], "hexpm", "eaf3c2aa2bc9dbd2f1e960561d616b7f593396c4754185b75904f6d66c82a667"},
  "decimal": {:hex, :decimal, "2.0.0", "a78296e617b0f5dd4c6caf57c714431347912ffb1d0842e998e9792b5642d697", [:mix], [], "hexpm", "34666e9c55dea81013e77d9d87370fe6cb6291d1ef32f46a1600230b1d44f577"},
  "deep_merge": {:hex, :deep_merge, "1.0.0", "b4aa1a0d1acac393bdf38b2291af38cb1d4a52806cf7a4906f718e1feb5ee961", [:mix], [], "hexpm", "ce708e5f094b9cd4e8f2be4f00d2f4250c4095be93f8cd6d018c753894885430"},
  "dialyxir": {:hex, :dialyxir, "1.0.0", "6a1fa629f7881a9f5aaf3a78f094b2a51a0357c843871b8bc98824e7342d00a5", [:mix], [{:erlex, ">= 0.2.6", [hex: :erlex, repo: "hexpm", optional: false]}], "hexpm", "aeb06588145fac14ca08d8061a142d52753dbc2cf7f0d00fc1013f53f8654654"},
  "dialyze": {:hex, :dialyze, "0.2.1", "9fb71767f96649020d769db7cbd7290059daff23707d6e851e206b1fdfa92f9d", [:mix], [], "hexpm"},
  "dialyzex": {:hex, :dialyzex, "1.2.1", "6a4f28f755882aba7b9aa53f874f636f1aa764d8b0424d74e22827a842a06f94", [:mix], [], "hexpm"},
  "earmark": {:hex, :earmark, "1.4.5", "62ffd3bd7722fb7a7b1ecd2419ea0b458c356e7168c1f5d65caf09b4fbdd13c8", [:mix], [], "hexpm", "b7d0e6263d83dc27141a523467799a685965bf8b13b6743413f19a7079843f4f"},
  "earmark_parser": {:hex, :earmark_parser, "1.4.12", "b245e875ec0a311a342320da0551da407d9d2b65d98f7a9597ae078615af3449", [:mix], [], "hexpm", "711e2cc4d64abb7d566d43f54b78f7dc129308a63bc103fbd88550d2174b3160"},
  "erlex": {:hex, :erlex, "0.2.6", "c7987d15e899c7a2f34f5420d2a2ea0d659682c06ac607572df55a43753aa12e", [:mix], [], "hexpm", "2ed2e25711feb44d52b17d2780eabf998452f6efda104877a3881c2f8c0c0c75"},
  "ex_doc": {:hex, :ex_doc, "0.23.0", "a069bc9b0bf8efe323ecde8c0d62afc13d308b1fa3d228b65bca5cf8703a529d", [:mix], [{:earmark_parser, "~> 1.4.0", [hex: :earmark_parser, repo: "hexpm", optional: false]}, {:makeup_elixir, "~> 0.14", [hex: :makeup_elixir, repo: "hexpm", optional: false]}], "hexpm", "f5e2c4702468b2fd11b10d39416ddadd2fcdd173ba2a0285ebd92c39827a5a16"},
  "file_system": {:hex, :file_system, "0.2.10", "fb082005a9cd1711c05b5248710f8826b02d7d1784e7c3451f9c1231d4fc162d", [:mix], [], "hexpm", "41195edbfb562a593726eda3b3e8b103a309b733ad25f3d642ba49696bf715dc"},
  "fs": {:hex, :fs, "0.9.2", "ed17036c26c3f70ac49781ed9220a50c36775c6ca2cf8182d123b6566e49ec59", [:rebar], [], "hexpm", "9a00246e8af58cdf465ae7c48fd6fd7ba2e43300413dfcc25447ecd3bf76f0c1"},
  "makeup": {:hex, :makeup, "1.0.5", "d5a830bc42c9800ce07dd97fa94669dfb93d3bf5fcf6ea7a0c67b2e0e4a7f26c", [:mix], [{:nimble_parsec, "~> 0.5 or ~> 1.0", [hex: :nimble_parsec, repo: "hexpm", optional: false]}], "hexpm", "cfa158c02d3f5c0c665d0af11512fed3fba0144cf1aadee0f2ce17747fba2ca9"},
  "makeup_elixir": {:hex, :makeup_elixir, "0.15.0", "98312c9f0d3730fde4049985a1105da5155bfe5c11e47bdc7406d88e01e4219b", [:mix], [{:makeup, "~> 1.0", [hex: :makeup, repo: "hexpm", optional: false]}, {:nimble_parsec, "~> 1.1", [hex: :nimble_parsec, repo: "hexpm", optional: false]}], "hexpm", "75ffa34ab1056b7e24844c90bfc62aaf6f3a37a15faa76b07bc5eba27e4a8b4a"},
  "mix_test_watch": {:hex, :mix_test_watch, "1.0.2", "34900184cbbbc6b6ed616ed3a8ea9b791f9fd2088419352a6d3200525637f785", [:mix], [{:file_system, "~> 0.2.1 or ~> 0.3", [hex: :file_system, repo: "hexpm", optional: false]}], "hexpm", "47ac558d8b06f684773972c6d04fcc15590abdb97aeb7666da19fcbfdc441a07"},
  "nimble_parsec": {:hex, :nimble_parsec, "1.1.0", "3a6fca1550363552e54c216debb6a9e95bd8d32348938e13de5eda962c0d7f89", [:mix], [], "hexpm", "08eb32d66b706e913ff748f11694b17981c0b04a33ef470e33e11b3d3ac8f54b"},
  "phoenix_pubsub": {:hex, :phoenix_pubsub, "1.1.0", "d55e25ff1ff8ea2f9964638366dfd6e361c52dedfd50019353598d11d4441d14", [:mix], [], "hexpm", "9642a12e2a8dd29ec7c44b6e61df84b72aa2ff9463ee8a7a08ae3b652ce8a9ea"},
  "telemetry": {:hex, :telemetry, "0.4.2", "2808c992455e08d6177322f14d3bdb6b625fbcfd233a73505870d8738a2f4599", [:rebar3], [], "hexpm", "2d1419bd9dda6a206d7b5852179511722e2b18812310d304620c7bd92a13fcef"},
}
